
Microsoft Visual Studio Solution File, Format Version 11.00
# Visual Studio 2010
Project("{FAE04EC0-301F-11D3-BF4B-00C04F79EFBC}") = "Common", "Common\Common.csproj", "{E85DE3E5-B992-4187-9723-8542661B5FF9}"
EndProject
Project("{FAE04EC0-301F-11D3-BF4B-00C04F79EFBC}") = "StatsBot", "StatsBot\StatsBot.csproj", "{F7C47F5B-74AC-40D3-8FC0-3AADCCBAB59E}"
EndProject
Project("{FAE04EC0-301F-11D3-BF4B-00C04F79EFBC}") = "StatsSite", "StatsSite\StatsSite.csproj", "{2B8A8374-03B8-4C69-BDA6-44868C1AEEA1}"
EndProject
Project("{FAE04EC0-301F-11D3-BF4B-00C04F79EFBC}") = "StatsSite.Tests", "StatsSite.Tests\StatsSite.Tests.csproj", "{D8F35F96-2541-4F49-9DEC-71121E05ECA6}"
EndProject
Project("{FAE04EC0-301F-11D3-BF4B-00C04F79EFBC}") = "IrcDotNet", "IrcDotNet\src\IrcDotNet\IrcDotNet.csproj", "{47D551DA-96ED-4EF6-96BF-4832059D4700}"
EndProject
Global
	GlobalSection(SolutionConfigurationPlatforms) = preSolution
		Debug|Any CPU = Debug|Any CPU
		Debug|Mixed Platforms = Debug|Mixed Platforms
		Debug|x86 = Debug|x86
		Release|Any CPU = Release|Any CPU
		Release|Mixed Platforms = Release|Mixed Platforms
		Release|x86 = Release|x86
	EndGlobalSection
	GlobalSection(ProjectConfigurationPlatforms) = postSolution
		{E85DE3E5-B992-4187-9723-8542661B5FF9}.Debug|Any CPU.ActiveCfg = Debug|Any CPU
		{E85DE3E5-B992-4187-9723-8542661B5FF9}.Debug|Any CPU.Build.0 = Debug|Any CPU
		{E85DE3E5-B992-4187-9723-8542661B5FF9}.Debug|Mixed Platforms.ActiveCfg = Debug|Any CPU
		{E85DE3E5-B992-4187-9723-8542661B5FF9}.Debug|Mixed Platforms.Build.0 = Debug|Any CPU
		{E85DE3E5-B992-4187-9723-8542661B5FF9}.Debug|x86.ActiveCfg = Debug|Any CPU
		{E85DE3E5-B992-4187-9723-8542661B5FF9}.Release|Any CPU.ActiveCfg = Release|Any CPU
		{E85DE3E5-B992-4187-9723-8542661B5FF9}.Release|Any CPU.Build.0 = Release|Any CPU
		{E85DE3E5-B992-4187-9723-8542661B5FF9}.Release|Mixed Platforms.ActiveCfg = Release|Any CPU
		{E85DE3E5-B992-4187-9723-8542661B5FF9}.Release|Mixed Platforms.Build.0 = Release|Any CPU
		{E85DE3E5-B992-4187-9723-8542661B5FF9}.Release|x86.ActiveCfg = Release|Any CPU
		{F7C47F5B-74AC-40D3-8FC0-3AADCCBAB59E}.Debug|Any CPU.ActiveCfg = Debug|x86
		{F7C47F5B-74AC-40D3-8FC0-3AADCCBAB59E}.Debug|Mixed Platforms.ActiveCfg = Debug|x86
		{F7C47F5B-74AC-40D3-8FC0-3AADCCBAB59E}.Debug|Mixed Platforms.Build.0 = Debug|x86
		{F7C47F5B-74AC-40D3-8FC0-3AADCCBAB59E}.Debug|x86.ActiveCfg = Debug|x86
		{F7C47F5B-74AC-40D3-8FC0-3AADCCBAB59E}.Debug|x86.Build.0 = Debug|x86
		{F7C47F5B-74AC-40D3-8FC0-3AADCCBAB59E}.Release|Any CPU.ActiveCfg = Release|x86
		{F7C47F5B-74AC-40D3-8FC0-3AADCCBAB59E}.Release|Mixed Platforms.ActiveCfg = Release|x86
		{F7C47F5B-74AC-40D3-8FC0-3AADCCBAB59E}.Release|Mixed Platforms.Build.0 = Release|x86
		{F7C47F5B-74AC-40D3-8FC0-3AADCCBAB59E}.Release|x86.ActiveCfg = Release|x86
		{F7C47F5B-74AC-40D3-8FC0-3AADCCBAB59E}.Release|x86.Build.0 = Release|x86
		{2B8A8374-03B8-4C69-BDA6-44868C1AEEA1}.Debug|Any CPU.ActiveCfg = Debug|Any CPU
		{2B8A8374-03B8-4C69-BDA6-44868C1AEEA1}.Debug|Any CPU.Build.0 = Debug|Any CPU
		{2B8A8374-03B8-4C69-BDA6-44868C1AEEA1}.Debug|Mixed Platforms.ActiveCfg = Debug|Any CPU
		{2B8A8374-03B8-4C69-BDA6-44868C1AEEA1}.Debug|Mixed Platforms.Build.0 = Debug|Any CPU
		{2B8A8374-03B8-4C69-BDA6-44868C1AEEA1}.Debug|x86.ActiveCfg = Debug|Any CPU
		{2B8A8374-03B8-4C69-BDA6-44868C1AEEA1}.Release|Any CPU.ActiveCfg = Release|Any CPU
		{2B8A8374-03B8-4C69-BDA6-44868C1AEEA1}.Release|Any CPU.Build.0 = Release|Any CPU
		{2B8A8374-03B8-4C69-BDA6-44868C1AEEA1}.Release|Mixed Platforms.ActiveCfg = Release|Any CPU
		{2B8A8374-03B8-4C69-BDA6-44868C1AEEA1}.Release|Mixed Platforms.Build.0 = Release|Any CPU
		{2B8A8374-03B8-4C69-BDA6-44868C1AEEA1}.Release|x86.ActiveCfg = Release|Any CPU
		{D8F35F96-2541-4F49-9DEC-71121E05ECA6}.Debug|Any CPU.ActiveCfg = Debug|Any CPU
		{D8F35F96-2541-4F49-9DEC-71121E05ECA6}.Debug|Any CPU.Build.0 = Debug|Any CPU
		{D8F35F96-2541-4F49-9DEC-71121E05ECA6}.Debug|Mixed Platforms.ActiveCfg = Debug|Any CPU
		{D8F35F96-2541-4F49-9DEC-71121E05ECA6}.Debug|Mixed Platforms.Build.0 = Debug|Any CPU
		{D8F35F96-2541-4F49-9DEC-71121E05ECA6}.Debug|x86.ActiveCfg = Debug|Any CPU
		{D8F35F96-2541-4F49-9DEC-71121E05ECA6}.Release|Any CPU.ActiveCfg = Release|Any CPU
		{D8F35F96-2541-4F49-9DEC-71121E05ECA6}.Release|Any CPU.Build.0 = Release|Any CPU
		{D8F35F96-2541-4F49-9DEC-71121E05ECA6}.Release|Mixed Platforms.ActiveCfg = Release|Any CPU
		{D8F35F96-2541-4F49-9DEC-71121E05ECA6}.Release|Mixed Platforms.Build.0 = Release|Any CPU
		{D8F35F96-2541-4F49-9DEC-71121E05ECA6}.Release|x86.ActiveCfg = Release|Any CPU
		{47D551DA-96ED-4EF6-96BF-4832059D4700}.Debug|Any CPU.ActiveCfg = Debug|Any CPU
		{47D551DA-96ED-4EF6-96BF-4832059D4700}.Debug|Any CPU.Build.0 = Debug|Any CPU
		{47D551DA-96ED-4EF6-96BF-4832059D4700}.Debug|Mixed Platforms.ActiveCfg = Debug|Any CPU
		{47D551DA-96ED-4EF6-96BF-4832059D4700}.Debug|Mixed Platforms.Build.0 = Debug|Any CPU
		{47D551DA-96ED-4EF6-96BF-4832059D4700}.Debug|x86.ActiveCfg = Debug|Any CPU
		{47D551DA-96ED-4EF6-96BF-4832059D4700}.Release|Any CPU.ActiveCfg = Release|Any CPU
		{47D551DA-96ED-4EF6-96BF-4832059D4700}.Release|Any CPU.Build.0 = Release|Any CPU
		{47D551DA-96ED-4EF6-96BF-4832059D4700}.Release|Mixed Platforms.ActiveCfg = Release|Any CPU
		{47D551DA-96ED-4EF6-96BF-4832059D4700}.Release|Mixed Platforms.Build.0 = Release|Any CPU
		{47D551DA-96ED-4EF6-96BF-4832059D4700}.Release|x86.ActiveCfg = Release|Any CPU
	EndGlobalSection
	GlobalSection(SolutionProperties) = preSolution
		HideSolutionNode = FALSE
	EndGlobalSection
EndGlobal
